// !$*UTF8*$!
{
	archiveVersion = 1;
	classes = {
	};
	objectVersion = 46;
	objects = {

/* Begin PBXBuildFile section */
		5009A26214FC6861005E7073 /* UIKit.framework in Frameworks */ = {isa = PBXBuildFile; fileRef = 5009A26114FC6861005E7073 /* UIKit.framework */; };
		5009A26414FC6861005E7073 /* Foundation.framework in Frameworks */ = {isa = PBXBuildFile; fileRef = 5009A26314FC6861005E7073 /* Foundation.framework */; };
		5009A26614FC6861005E7073 /* CoreGraphics.framework in Frameworks */ = {isa = PBXBuildFile; fileRef = 5009A26514FC6861005E7073 /* CoreGraphics.framework */; };
		5009A26C14FC6861005E7073 /* InfoPlist.strings in Resources */ = {isa = PBXBuildFile; fileRef = 5009A26A14FC6861005E7073 /* InfoPlist.strings */; };
		5009A26E14FC6861005E7073 /* main.m in Sources */ = {isa = PBXBuildFile; fileRef = 5009A26D14FC6861005E7073 /* main.m */; };
		5009A27214FC6861005E7073 /* IFAppDelegate.m in Sources */ = {isa = PBXBuildFile; fileRef = 5009A27114FC6861005E7073 /* IFAppDelegate.m */; };
		5009A27A14FC6A19005E7073 /* CoreMedia.framework in Frameworks */ = {isa = PBXBuildFile; fileRef = 5009A27814FC6A19005E7073 /* CoreMedia.framework */; };
		5009A27B14FC6A19005E7073 /* CoreVideo.framework in Frameworks */ = {isa = PBXBuildFile; fileRef = 5009A27914FC6A19005E7073 /* CoreVideo.framework */; };
		5009A27D14FC6A36005E7073 /* OpenGLES.framework in Frameworks */ = {isa = PBXBuildFile; fileRef = 5009A27C14FC6A36005E7073 /* OpenGLES.framework */; };
		5009A27F14FC6A4C005E7073 /* AVFoundation.framework in Frameworks */ = {isa = PBXBuildFile; fileRef = 5009A27E14FC6A4C005E7073 /* AVFoundation.framework */; };
		5009A28114FC6A65005E7073 /* QuartzCore.framework in Frameworks */ = {isa = PBXBuildFile; fileRef = 5009A28014FC6A65005E7073 /* QuartzCore.framework */; };
		509485B514FC6C95007B42FF /* GLProgram.m in Sources */ = {isa = PBXBuildFile; fileRef = 5094857B14FC6C95007B42FF /* GLProgram.m */; };
		509485BC14FC6C95007B42FF /* GPUImageFilter.m in Sources */ = {isa = PBXBuildFile; fileRef = 5094858A14FC6C95007B42FF /* GPUImageFilter.m */; };
		509485C014FC6C95007B42FF /* GPUImageMovie.m in Sources */ = {isa = PBXBuildFile; fileRef = 5094859214FC6C95007B42FF /* GPUImageMovie.m */; };
		509485C214FC6C95007B42FF /* GPUImageOpenGLESContext.m in Sources */ = {isa = PBXBuildFile; fileRef = 5094859614FC6C95007B42FF /* GPUImageOpenGLESContext.m */; };
		509485C314FC6C95007B42FF /* GPUImageOutput.m in Sources */ = {isa = PBXBuildFile; fileRef = 5094859814FC6C95007B42FF /* GPUImageOutput.m */; };
		509485C514FC6C95007B42FF /* GPUImagePicture.m in Sources */ = {isa = PBXBuildFile; fileRef = 5094859C14FC6C95007B42FF /* GPUImagePicture.m */; };
		509485C714FC6C95007B42FF /* GPUImageRawData.m in Sources */ = {isa = PBXBuildFile; fileRef = 509485A014FC6C95007B42FF /* GPUImageRawData.m */; };
		509485C814FC6C95007B42FF /* GPUImageRotationFilter.m in Sources */ = {isa = PBXBuildFile; fileRef = 509485A214FC6C95007B42FF /* GPUImageRotationFilter.m */; };
		509485CF14FC6C95007B42FF /* GPUImageVideoCamera.m in Sources */ = {isa = PBXBuildFile; fileRef = 509485B014FC6C95007B42FF /* GPUImageVideoCamera.m */; };
		509485D014FC6C95007B42FF /* GPUImageView.m in Sources */ = {isa = PBXBuildFile; fileRef = 509485B214FC6C95007B42FF /* GPUImageView.m */; };
		509485DF14FC6FBB007B42FF /* IFAmaroFilter.m in Sources */ = {isa = PBXBuildFile; fileRef = 509485DE14FC6FBB007B42FF /* IFAmaroFilter.m */; };
/* End PBXBuildFile section */

/* Begin PBXFileReference section */
		5009A25D14FC6861005E7073 /* InstaFilters.app */ = {isa = PBXFileReference; explicitFileType = wrapper.application; includeInIndex = 0; path = InstaFilters.app; sourceTree = BUILT_PRODUCTS_DIR; };
		5009A26114FC6861005E7073 /* UIKit.framework */ = {isa = PBXFileReference; lastKnownFileType = wrapper.framework; name = UIKit.framework; path = System/Library/Frameworks/UIKit.framework; sourceTree = SDKROOT; };
		5009A26314FC6861005E7073 /* Foundation.framework */ = {isa = PBXFileReference; lastKnownFileType = wrapper.framework; name = Foundation.framework; path = System/Library/Frameworks/Foundation.framework; sourceTree = SDKROOT; };
		5009A26514FC6861005E7073 /* CoreGraphics.framework */ = {isa = PBXFileReference; lastKnownFileType = wrapper.framework; name = CoreGraphics.framework; path = System/Library/Frameworks/CoreGraphics.framework; sourceTree = SDKROOT; };
		5009A26914FC6861005E7073 /* InstaFilters-Info.plist */ = {isa = PBXFileReference; lastKnownFileType = text.plist.xml; path = "InstaFilters-Info.plist"; sourceTree = "<group>"; };
		5009A26B14FC6861005E7073 /* en */ = {isa = PBXFileReference; lastKnownFileType = text.plist.strings; name = en; path = en.lproj/InfoPlist.strings; sourceTree = "<group>"; };
		5009A26D14FC6861005E7073 /* main.m */ = {isa = PBXFileReference; lastKnownFileType = sourcecode.c.objc; path = main.m; sourceTree = "<group>"; };
		5009A26F14FC6861005E7073 /* InstaFilters-Prefix.pch */ = {isa = PBXFileReference; lastKnownFileType = sourcecode.c.h; path = "InstaFilters-Prefix.pch"; sourceTree = "<group>"; };
		5009A27014FC6861005E7073 /* IFAppDelegate.h */ = {isa = PBXFileReference; lastKnownFileType = sourcecode.c.h; path = IFAppDelegate.h; sourceTree = "<group>"; };
		5009A27114FC6861005E7073 /* IFAppDelegate.m */ = {isa = PBXFileReference; lastKnownFileType = sourcecode.c.objc; path = IFAppDelegate.m; sourceTree = "<group>"; };
		5009A27814FC6A19005E7073 /* CoreMedia.framework */ = {isa = PBXFileReference; lastKnownFileType = wrapper.framework; name = CoreMedia.framework; path = System/Library/Frameworks/CoreMedia.framework; sourceTree = SDKROOT; };
		5009A27914FC6A19005E7073 /* CoreVideo.framework */ = {isa = PBXFileReference; lastKnownFileType = wrapper.framework; name = CoreVideo.framework; path = System/Library/Frameworks/CoreVideo.framework; sourceTree = SDKROOT; };
		5009A27C14FC6A36005E7073 /* OpenGLES.framework */ = {isa = PBXFileReference; lastKnownFileType = wrapper.framework; name = OpenGLES.framework; path = System/Library/Frameworks/OpenGLES.framework; sourceTree = SDKROOT; };
		5009A27E14FC6A4C005E7073 /* AVFoundation.framework */ = {isa = PBXFileReference; lastKnownFileType = wrapper.framework; name = AVFoundation.framework; path = System/Library/Frameworks/AVFoundation.framework; sourceTree = SDKROOT; };
		5009A28014FC6A65005E7073 /* QuartzCore.framework */ = {isa = PBXFileReference; lastKnownFileType = wrapper.framework; name = QuartzCore.framework; path = System/Library/Frameworks/QuartzCore.framework; sourceTree = SDKROOT; };
		5094857A14FC6C95007B42FF /* GLProgram.h */ = {isa = PBXFileReference; fileEncoding = 4; lastKnownFileType = sourcecode.c.h; name = GLProgram.h; path = GPUImage/GLProgram.h; sourceTree = "<group>"; };
		5094857B14FC6C95007B42FF /* GLProgram.m */ = {isa = PBXFileReference; fileEncoding = 4; lastKnownFileType = sourcecode.c.objc; name = GLProgram.m; path = GPUImage/GLProgram.m; sourceTree = "<group>"; };
		5094857C14FC6C95007B42FF /* GPUImage.h */ = {isa = PBXFileReference; fileEncoding = 4; lastKnownFileType = sourcecode.c.h; name = GPUImage.h; path = GPUImage/GPUImage.h; sourceTree = "<group>"; };
		5094858914FC6C95007B42FF /* GPUImageFilter.h */ = {isa = PBXFileReference; fileEncoding = 4; lastKnownFileType = sourcecode.c.h; name = GPUImageFilter.h; path = GPUImage/GPUImageFilter.h; sourceTree = "<group>"; };
		5094858A14FC6C95007B42FF /* GPUImageFilter.m */ = {isa = PBXFileReference; fileEncoding = 4; lastKnownFileType = sourcecode.c.objc; name = GPUImageFilter.m; path = GPUImage/GPUImageFilter.m; sourceTree = "<group>"; };
		5094859114FC6C95007B42FF /* GPUImageMovie.h */ = {isa = PBXFileReference; fileEncoding = 4; lastKnownFileType = sourcecode.c.h; name = GPUImageMovie.h; path = GPUImage/GPUImageMovie.h; sourceTree = "<group>"; };
		5094859214FC6C95007B42FF /* GPUImageMovie.m */ = {isa = PBXFileReference; fileEncoding = 4; lastKnownFileType = sourcecode.c.objc; name = GPUImageMovie.m; path = GPUImage/GPUImageMovie.m; sourceTree = "<group>"; };
		5094859514FC6C95007B42FF /* GPUImageOpenGLESContext.h */ = {isa = PBXFileReference; fileEncoding = 4; lastKnownFileType = sourcecode.c.h; name = GPUImageOpenGLESContext.h; path = GPUImage/GPUImageOpenGLESContext.h; sourceTree = "<group>"; };
		5094859614FC6C95007B42FF /* GPUImageOpenGLESContext.m */ = {isa = PBXFileReference; fileEncoding = 4; lastKnownFileType = sourcecode.c.objc; name = GPUImageOpenGLESContext.m; path = GPUImage/GPUImageOpenGLESContext.m; sourceTree = "<group>"; };
		5094859714FC6C95007B42FF /* GPUImageOutput.h */ = {isa = PBXFileReference; fileEncoding = 4; lastKnownFileType = sourcecode.c.h; name = GPUImageOutput.h; path = GPUImage/GPUImageOutput.h; sourceTree = "<group>"; };
		5094859814FC6C95007B42FF /* GPUImageOutput.m */ = {isa = PBXFileReference; fileEncoding = 4; lastKnownFileType = sourcecode.c.objc; name = GPUImageOutput.m; path = GPUImage/GPUImageOutput.m; sourceTree = "<group>"; };
		5094859B14FC6C95007B42FF /* GPUImagePicture.h */ = {isa = PBXFileReference; fileEncoding = 4; lastKnownFileType = sourcecode.c.h; name = GPUImagePicture.h; path = GPUImage/GPUImagePicture.h; sourceTree = "<group>"; };
		5094859C14FC6C95007B42FF /* GPUImagePicture.m */ = {isa = PBXFileReference; fileEncoding = 4; lastKnownFileType = sourcecode.c.objc; name = GPUImagePicture.m; path = GPUImage/GPUImagePicture.m; sourceTree = "<group>"; };
		5094859F14FC6C95007B42FF /* GPUImageRawData.h */ = {isa = PBXFileReference; fileEncoding = 4; lastKnownFileType = sourcecode.c.h; name = GPUImageRawData.h; path = GPUImage/GPUImageRawData.h; sourceTree = "<group>"; };
		509485A014FC6C95007B42FF /* GPUImageRawData.m */ = {isa = PBXFileReference; fileEncoding = 4; lastKnownFileType = sourcecode.c.objc; name = GPUImageRawData.m; path = GPUImage/GPUImageRawData.m; sourceTree = "<group>"; };
		509485A114FC6C95007B42FF /* GPUImageRotationFilter.h */ = {isa = PBXFileReference; fileEncoding = 4; lastKnownFileType = sourcecode.c.h; name = GPUImageRotationFilter.h; path = GPUImage/GPUImageRotationFilter.h; sourceTree = "<group>"; };
		509485A214FC6C95007B42FF /* GPUImageRotationFilter.m */ = {isa = PBXFileReference; fileEncoding = 4; lastKnownFileType = sourcecode.c.objc; name = GPUImageRotationFilter.m; path = GPUImage/GPUImageRotationFilter.m; sourceTree = "<group>"; };
		509485AF14FC6C95007B42FF /* GPUImageVideoCamera.h */ = {isa = PBXFileReference; fileEncoding = 4; lastKnownFileType = sourcecode.c.h; name = GPUImageVideoCamera.h; path = GPUImage/GPUImageVideoCamera.h; sourceTree = "<group>"; };
		509485B014FC6C95007B42FF /* GPUImageVideoCamera.m */ = {isa = PBXFileReference; fileEncoding = 4; lastKnownFileType = sourcecode.c.objc; name = GPUImageVideoCamera.m; path = GPUImage/GPUImageVideoCamera.m; sourceTree = "<group>"; };
		509485B114FC6C95007B42FF /* GPUImageView.h */ = {isa = PBXFileReference; fileEncoding = 4; lastKnownFileType = sourcecode.c.h; name = GPUImageView.h; path = GPUImage/GPUImageView.h; sourceTree = "<group>"; };
		509485B214FC6C95007B42FF /* GPUImageView.m */ = {isa = PBXFileReference; fileEncoding = 4; lastKnownFileType = sourcecode.c.objc; name = GPUImageView.m; path = GPUImage/GPUImageView.m; sourceTree = "<group>"; };
		509485DD14FC6FBB007B42FF /* IFAmaroFilter.h */ = {isa = PBXFileReference; fileEncoding = 4; lastKnownFileType = sourcecode.c.h; name = IFAmaroFilter.h; path = Filters/IFAmaroFilter.h; sourceTree = "<group>"; };
		509485DE14FC6FBB007B42FF /* IFAmaroFilter.m */ = {isa = PBXFileReference; fileEncoding = 4; lastKnownFileType = sourcecode.c.objc; name = IFAmaroFilter.m; path = Filters/IFAmaroFilter.m; sourceTree = "<group>"; };
/* End PBXFileReference section */

/* Begin PBXFrameworksBuildPhase section */
		5009A25A14FC6861005E7073 /* Frameworks */ = {
			isa = PBXFrameworksBuildPhase;
			buildActionMask = 2147483647;
			files = (
				5009A28114FC6A65005E7073 /* QuartzCore.framework in Frameworks */,
				5009A27F14FC6A4C005E7073 /* AVFoundation.framework in Frameworks */,
				5009A27D14FC6A36005E7073 /* OpenGLES.framework in Frameworks */,
				5009A27A14FC6A19005E7073 /* CoreMedia.framework in Frameworks */,
				5009A27B14FC6A19005E7073 /* CoreVideo.framework in Frameworks */,
				5009A26214FC6861005E7073 /* UIKit.framework in Frameworks */,
				5009A26414FC6861005E7073 /* Foundation.framework in Frameworks */,
				5009A26614FC6861005E7073 /* CoreGraphics.framework in Frameworks */,
			);
			runOnlyForDeploymentPostprocessing = 0;
		};
/* End PBXFrameworksBuildPhase section */

/* Begin PBXGroup section */
		5009A25214FC6861005E7073 = {
			isa = PBXGroup;
			children = (
				5009A26714FC6861005E7073 /* InstaFilters */,
				5009A26014FC6861005E7073 /* Frameworks */,
				5009A25E14FC6861005E7073 /* Products */,
			);
			sourceTree = "<group>";
		};
		5009A25E14FC6861005E7073 /* Products */ = {
			isa = PBXGroup;
			children = (
				5009A25D14FC6861005E7073 /* InstaFilters.app */,
			);
			name = Products;
			sourceTree = "<group>";
		};
		5009A26014FC6861005E7073 /* Frameworks */ = {
			isa = PBXGroup;
			children = (
				5009A28014FC6A65005E7073 /* QuartzCore.framework */,
				5009A27E14FC6A4C005E7073 /* AVFoundation.framework */,
				5009A27C14FC6A36005E7073 /* OpenGLES.framework */,
				5009A27814FC6A19005E7073 /* CoreMedia.framework */,
				5009A27914FC6A19005E7073 /* CoreVideo.framework */,
				5009A26114FC6861005E7073 /* UIKit.framework */,
				5009A26314FC6861005E7073 /* Foundation.framework */,
				5009A26514FC6861005E7073 /* CoreGraphics.framework */,
			);
			name = Frameworks;
			sourceTree = "<group>";
		};
		5009A26714FC6861005E7073 /* InstaFilters */ = {
			isa = PBXGroup;
			children = (
				509485DC14FC6F58007B42FF /* Filters */,
				5094857814FC6C58007B42FF /* GPUImage */,
				5009A27014FC6861005E7073 /* IFAppDelegate.h */,
				5009A27114FC6861005E7073 /* IFAppDelegate.m */,
				5009A26814FC6861005E7073 /* Supporting Files */,
			);
			path = InstaFilters;
			sourceTree = "<group>";
		};
		5009A26814FC6861005E7073 /* Supporting Files */ = {
			isa = PBXGroup;
			children = (
				5009A26914FC6861005E7073 /* InstaFilters-Info.plist */,
				5009A26A14FC6861005E7073 /* InfoPlist.strings */,
				5009A26D14FC6861005E7073 /* main.m */,
				5009A26F14FC6861005E7073 /* InstaFilters-Prefix.pch */,
			);
			name = "Supporting Files";
			sourceTree = "<group>";
		};
		5094857814FC6C58007B42FF /* GPUImage */ = {
			isa = PBXGroup;
			children = (
				5094857A14FC6C95007B42FF /* GLProgram.h */,
				5094857B14FC6C95007B42FF /* GLProgram.m */,
				5094857C14FC6C95007B42FF /* GPUImage.h */,
				5094858914FC6C95007B42FF /* GPUImageFilter.h */,
				5094858A14FC6C95007B42FF /* GPUImageFilter.m */,
				5094859114FC6C95007B42FF /* GPUImageMovie.h */,
				5094859214FC6C95007B42FF /* GPUImageMovie.m */,
				5094859514FC6C95007B42FF /* GPUImageOpenGLESContext.h */,
				5094859614FC6C95007B42FF /* GPUImageOpenGLESContext.m */,
				5094859714FC6C95007B42FF /* GPUImageOutput.h */,
				5094859814FC6C95007B42FF /* GPUImageOutput.m */,
				5094859B14FC6C95007B42FF /* GPUImagePicture.h */,
				5094859C14FC6C95007B42FF /* GPUImagePicture.m */,
				5094859F14FC6C95007B42FF /* GPUImageRawData.h */,
				509485A014FC6C95007B42FF /* GPUImageRawData.m */,
				509485A114FC6C95007B42FF /* GPUImageRotationFilter.h */,
				509485A214FC6C95007B42FF /* GPUImageRotationFilter.m */,
				509485AF14FC6C95007B42FF /* GPUImageVideoCamera.h */,
				509485B014FC6C95007B42FF /* GPUImageVideoCamera.m */,
				509485B114FC6C95007B42FF /* GPUImageView.h */,
				509485B214FC6C95007B42FF /* GPUImageView.m */,
			);
			name = GPUImage;
			sourceTree = "<group>";
		};
		509485DC14FC6F58007B42FF /* Filters */ = {
			isa = PBXGroup;
			children = (
				509485DD14FC6FBB007B42FF /* IFAmaroFilter.h */,
				509485DE14FC6FBB007B42FF /* IFAmaroFilter.m */,
			);
			name = Filters;
			sourceTree = "<group>";
		};
/* End PBXGroup section */

/* Begin PBXNativeTarget section */
		5009A25C14FC6861005E7073 /* InstaFilters */ = {
			isa = PBXNativeTarget;
			buildConfigurationList = 5009A27514FC6861005E7073 /* Build configuration list for PBXNativeTarget "InstaFilters" */;
			buildPhases = (
				5009A25914FC6861005E7073 /* Sources */,
				5009A25A14FC6861005E7073 /* Frameworks */,
				5009A25B14FC6861005E7073 /* Resources */,
			);
			buildRules = (
			);
			dependencies = (
			);
			name = InstaFilters;
			productName = InstaFilters;
			productReference = 5009A25D14FC6861005E7073 /* InstaFilters.app */;
			productType = "com.apple.product-type.application";
		};
/* End PBXNativeTarget section */

/* Begin PBXProject section */
		5009A25414FC6861005E7073 /* Project object */ = {
			isa = PBXProject;
			attributes = {
				CLASSPREFIX = IF;
				LastUpgradeCheck = 0430;
				ORGANIZATIONNAME = "twitter:@diwup";
			};
			buildConfigurationList = 5009A25714FC6861005E7073 /* Build configuration list for PBXProject "InstaFilters" */;
			compatibilityVersion = "Xcode 3.2";
			developmentRegion = English;
			hasScannedForEncodings = 0;
			knownRegions = (
				en,
			);
			mainGroup = 5009A25214FC6861005E7073;
			productRefGroup = 5009A25E14FC6861005E7073 /* Products */;
			projectDirPath = "";
			projectRoot = "";
			targets = (
				5009A25C14FC6861005E7073 /* InstaFilters */,
			);
		};
/* End PBXProject section */

/* Begin PBXResourcesBuildPhase section */
		5009A25B14FC6861005E7073 /* Resources */ = {
			isa = PBXResourcesBuildPhase;
			buildActionMask = 2147483647;
			files = (
				5009A26C14FC6861005E7073 /* InfoPlist.strings in Resources */,
			);
			runOnlyForDeploymentPostprocessing = 0;
		};
/* End PBXResourcesBuildPhase section */

/* Begin PBXSourcesBuildPhase section */
		5009A25914FC6861005E7073 /* Sources */ = {
			isa = PBXSourcesBuildPhase;
			buildActionMask = 2147483647;
			files = (
				5009A26E14FC6861005E7073 /* main.m in Sources */,
				5009A27214FC6861005E7073 /* IFAppDelegate.m in Sources */,
				509485B514FC6C95007B42FF /* GLProgram.m in Sources */,
				509485BC14FC6C95007B42FF /* GPUImageFilter.m in Sources */,
				509485C014FC6C95007B42FF /* GPUImageMovie.m in Sources */,
				509485C214FC6C95007B42FF /* GPUImageOpenGLESContext.m in Sources */,
				509485C314FC6C95007B42FF /* GPUImageOutput.m in Sources */,
				509485C514FC6C95007B42FF /* GPUImagePicture.m in Sources */,
				509485C714FC6C95007B42FF /* GPUImageRawData.m in Sources */,
				509485C814FC6C95007B42FF /* GPUImageRotationFilter.m in Sources */,
				509485CF14FC6C95007B42FF /* GPUImageVideoCamera.m in Sources */,
				509485D014FC6C95007B42FF /* GPUImageView.m in Sources */,
				509485DF14FC6FBB007B42FF /* IFAmaroFilter.m in Sources */,
			);
			runOnlyForDeploymentPostprocessing = 0;
		};
/* End PBXSourcesBuildPhase section */

/* Begin PBXVariantGroup section */
		5009A26A14FC6861005E7073 /* InfoPlist.strings */ = {
			isa = PBXVariantGroup;
			children = (
				5009A26B14FC6861005E7073 /* en */,
			);
			name = InfoPlist.strings;
			sourceTree = "<group>";
		};
/* End PBXVariantGroup section */

/* Begin XCBuildConfiguration section */
		5009A27314FC6861005E7073 /* Debug */ = {
			isa = XCBuildConfiguration;
			buildSettings = {
				ALWAYS_SEARCH_USER_PATHS = NO;
				ARCHS = "$(ARCHS_STANDARD_32_BIT)";
				CLANG_ENABLE_OBJC_ARC = YES;
				"CODE_SIGN_IDENTITY[sdk=iphoneos*]" = "iPhone Developer";
				COPY_PHASE_STRIP = NO;
				GCC_C_LANGUAGE_STANDARD = gnu99;
				GCC_DYNAMIC_NO_PIC = NO;
				GCC_OPTIMIZATION_LEVEL = 0;
				GCC_PREPROCESSOR_DEFINITIONS = (
					"DEBUG=1",
					"$(inherited)",
				);
				GCC_SYMBOLS_PRIVATE_EXTERN = NO;
				GCC_VERSION = com.apple.compilers.llvm.clang.1_0;
				GCC_WARN_ABOUT_RETURN_TYPE = YES;
				GCC_WARN_UNINITIALIZED_AUTOS = YES;
				GCC_WARN_UNUSED_VARIABLE = YES;
				IPHONEOS_DEPLOYMENT_TARGET = 5.0;
				SDKROOT = iphoneos;
			};
			name = Debug;
		};
		5009A27414FC6861005E7073 /* Release */ = {
			isa = XCBuildConfiguration;
			buildSettings = {
				ALWAYS_SEARCH_USER_PATHS = NO;
				ARCHS = "$(ARCHS_STANDARD_32_BIT)";
				CLANG_ENABLE_OBJC_ARC = YES;
				"CODE_SIGN_IDENTITY[sdk=iphoneos*]" = "iPhone Developer";
				COPY_PHASE_STRIP = YES;
				GCC_C_LANGUAGE_STANDARD = gnu99;
				GCC_VERSION = com.apple.compilers.llvm.clang.1_0;
				GCC_WARN_ABOUT_RETURN_TYPE = YES;
				GCC_WARN_UNINITIALIZED_AUTOS = YES;
				GCC_WARN_UNUSED_VARIABLE = YES;
				IPHONEOS_DEPLOYMENT_TARGET = 5.0;
				OTHER_CFLAGS = "-DNS_BLOCK_ASSERTIONS=1";
				SDKROOT = iphoneos;
				VALIDATE_PRODUCT = YES;
			};
			name = Release;
		};
		5009A27614FC6861005E7073 /* Debug */ = {
			isa = XCBuildConfiguration;
			buildSettings = {
				GCC_PRECOMPILE_PREFIX_HEADER = YES;
				GCC_PREFIX_HEADER = "InstaFilters/InstaFilters-Prefix.pch";
				INFOPLIST_FILE = "InstaFilters/InstaFilters-Info.plist";
				PRODUCT_NAME = "$(TARGET_NAME)";
				WRAPPER_EXTENSION = app;
			};
			name = Debug;
		};
		5009A27714FC6861005E7073 /* Release */ = {
			isa = XCBuildConfiguration;
			buildSettings = {
				GCC_PRECOMPILE_PREFIX_HEADER = YES;
				GCC_PREFIX_HEADER = "InstaFilters/InstaFilters-Prefix.pch";
				INFOPLIST_FILE = "InstaFilters/InstaFilters-Info.plist";
				PRODUCT_NAME = "$(TARGET_NAME)";
				WRAPPER_EXTENSION = app;
			};
			name = Release;
		};
/* End XCBuildConfiguration section */

/* Begin XCConfigurationList section */
		5009A25714FC6861005E7073 /* Build configuration list for PBXProject "InstaFilters" */ = {
			isa = XCConfigurationList;
			buildConfigurations = (
				5009A27314FC6861005E7073 /* Debug */,
				5009A27414FC6861005E7073 /* Release */,
			);
			defaultConfigurationIsVisible = 0;
			defaultConfigurationName = Release;
		};
		5009A27514FC6861005E7073 /* Build configuration list for PBXNativeTarget "InstaFilters" */ = {
			isa = XCConfigurationList;
			buildConfigurations = (
				5009A27614FC6861005E7073 /* Debug */,
				5009A27714FC6861005E7073 /* Release */,
			);
			defaultConfigurationIsVisible = 0;
			defaultConfigurationName = Release;
		};
/* End XCConfigurationList section */
	};
	rootObject = 5009A25414FC6861005E7073 /* Project object */;
}
