// !$*UTF8*$!
{
	archiveVersion = 1;
	classes = {
	};
	objectVersion = 46;
	objects = {

/* Begin PBXBuildFile section */
		5009A26214FC6861005E7073 /* UIKit.framework in Frameworks */ = {isa = PBXBuildFile; fileRef = 5009A26114FC6861005E7073 /* UIKit.framework */; };
		5009A26414FC6861005E7073 /* Foundation.framework in Frameworks */ = {isa = PBXBuildFile; fileRef = 5009A26314FC6861005E7073 /* Foundation.framework */; };
		5009A26614FC6861005E7073 /* CoreGraphics.framework in Frameworks */ = {isa = PBXBuildFile; fileRef = 5009A26514FC6861005E7073 /* CoreGraphics.framework */; };
		5009A26C14FC6861005E7073 /* InfoPlist.strings in Resources */ = {isa = PBXBuildFile; fileRef = 5009A26A14FC6861005E7073 /* InfoPlist.strings */; };
		5009A26E14FC6861005E7073 /* main.m in Sources */ = {isa = PBXBuildFile; fileRef = 5009A26D14FC6861005E7073 /* main.m */; };
		5009A27214FC6861005E7073 /* IFAppDelegate.m in Sources */ = {isa = PBXBuildFile; fileRef = 5009A27114FC6861005E7073 /* IFAppDelegate.m */; };
/* End PBXBuildFile section */

/* Begin PBXFileReference section */
		5009A25D14FC6861005E7073 /* InstaFilters.app */ = {isa = PBXFileReference; explicitFileType = wrapper.application; includeInIndex = 0; path = InstaFilters.app; sourceTree = BUILT_PRODUCTS_DIR; };
		5009A26114FC6861005E7073 /* UIKit.framework */ = {isa = PBXFileReference; lastKnownFileType = wrapper.framework; name = UIKit.framework; path = System/Library/Frameworks/UIKit.framework; sourceTree = SDKROOT; };
		5009A26314FC6861005E7073 /* Foundation.framework */ = {isa = PBXFileReference; lastKnownFileType = wrapper.framework; name = Foundation.framework; path = System/Library/Frameworks/Foundation.framework; sourceTree = SDKROOT; };
		5009A26514FC6861005E7073 /* CoreGraphics.framework */ = {isa = PBXFileReference; lastKnownFileType = wrapper.framework; name = CoreGraphics.framework; path = System/Library/Frameworks/CoreGraphics.framework; sourceTree = SDKROOT; };
		5009A26914FC6861005E7073 /* InstaFilters-Info.plist */ = {isa = PBXFileReference; path = "InstaFilters-Info.plist"; sourceTree = "<group>"; };
		5009A26B14FC6861005E7073 /* en */ = {isa = PBXFileReference; lastKnownFileType = text.plist.strings; name = en; path = en.lproj/InfoPlist.strings; sourceTree = "<group>"; };
		5009A26D14FC6861005E7073 /* main.m */ = {isa = PBXFileReference; lastKnownFileType = sourcecode.c.objc; path = main.m; sourceTree = "<group>"; };
		5009A26F14FC6861005E7073 /* InstaFilters-Prefix.pch */ = {isa = PBXFileReference; path = "InstaFilters-Prefix.pch"; sourceTree = "<group>"; };
		5009A27014FC6861005E7073 /* IFAppDelegate.h */ = {isa = PBXFileReference; path = IFAppDelegate.h; sourceTree = "<group>"; };
		5009A27114FC6861005E7073 /* IFAppDelegate.m */ = {isa = PBXFileReference; lastKnownFileType = sourcecode.c.objc; path = IFAppDelegate.m; sourceTree = "<group>"; };
/* End PBXFileReference section */

/* Begin PBXFrameworksBuildPhase section */
		5009A25A14FC6861005E7073 /* Frameworks */ = {
			isa = PBXFrameworksBuildPhase;
			buildActionMask = 2147483647;
			files = (
				5009A26214FC6861005E7073 /* UIKit.framework in Frameworks */,
				5009A26414FC6861005E7073 /* Foundation.framework in Frameworks */,
				5009A26614FC6861005E7073 /* CoreGraphics.framework in Frameworks */,
			);
			runOnlyForDeploymentPostprocessing = 0;
		};
/* End PBXFrameworksBuildPhase section */

/* Begin PBXGroup section */
		5009A25214FC6861005E7073 = {
			isa = PBXGroup;
			children = (
				5009A26714FC6861005E7073 /* InstaFilters */,
				5009A26014FC6861005E7073 /* Frameworks */,
				5009A25E14FC6861005E7073 /* Products */,
			);
			sourceTree = "<group>";
		};
		5009A25E14FC6861005E7073 /* Products */ = {
			isa = PBXGroup;
			children = (
				5009A25D14FC6861005E7073 /* InstaFilters.app */,
			);
			name = Products;
			sourceTree = "<group>";
		};
		5009A26014FC6861005E7073 /* Frameworks */ = {
			isa = PBXGroup;
			children = (
				5009A26114FC6861005E7073 /* UIKit.framework */,
				5009A26314FC6861005E7073 /* Foundation.framework */,
				5009A26514FC6861005E7073 /* CoreGraphics.framework */,
			);
			name = Frameworks;
			sourceTree = "<group>";
		};
		5009A26714FC6861005E7073 /* InstaFilters */ = {
			isa = PBXGroup;
			children = (
				5009A27014FC6861005E7073 /* IFAppDelegate.h */,
				5009A27114FC6861005E7073 /* IFAppDelegate.m */,
				5009A26814FC6861005E7073 /* Supporting Files */,
			);
			path = InstaFilters;
			sourceTree = "<group>";
		};
		5009A26814FC6861005E7073 /* Supporting Files */ = {
			isa = PBXGroup;
			children = (
				5009A26914FC6861005E7073 /* InstaFilters-Info.plist */,
				5009A26A14FC6861005E7073 /* InfoPlist.strings */,
				5009A26D14FC6861005E7073 /* main.m */,
				5009A26F14FC6861005E7073 /* InstaFilters-Prefix.pch */,
			);
			name = "Supporting Files";
			sourceTree = "<group>";
		};
/* End PBXGroup section */

/* Begin PBXNativeTarget section */
		5009A25C14FC6861005E7073 /* InstaFilters */ = {
			isa = PBXNativeTarget;
			buildConfigurationList = 5009A27514FC6861005E7073 /* Build configuration list for PBXNativeTarget "InstaFilters" */;
			buildPhases = (
				5009A25914FC6861005E7073 /* Sources */,
				5009A25A14FC6861005E7073 /* Frameworks */,
				5009A25B14FC6861005E7073 /* Resources */,
			);
			buildRules = (
			);
			dependencies = (
			);
			name = InstaFilters;
			productName = InstaFilters;
			productReference = 5009A25D14FC6861005E7073 /* InstaFilters.app */;
			productType = "com.apple.product-type.application";
		};
/* End PBXNativeTarget section */

/* Begin PBXProject section */
		5009A25414FC6861005E7073 /* Project object */ = {
			isa = PBXProject;
			attributes = {
				CLASSPREFIX = IF;
				LastUpgradeCheck = 0430;
			};
			buildConfigurationList = 5009A25714FC6861005E7073 /* Build configuration list for PBXProject "InstaFilters" */;
			compatibilityVersion = "Xcode 3.2";
			developmentRegion = English;
			hasScannedForEncodings = 0;
			knownRegions = (
				en,
			);
			mainGroup = 5009A25214FC6861005E7073;
			productRefGroup = 5009A25E14FC6861005E7073 /* Products */;
			projectDirPath = "";
			projectRoot = "";
			targets = (
				5009A25C14FC6861005E7073 /* InstaFilters */,
			);
		};
/* End PBXProject section */

/* Begin PBXResourcesBuildPhase section */
		5009A25B14FC6861005E7073 /* Resources */ = {
			isa = PBXResourcesBuildPhase;
			buildActionMask = 2147483647;
			files = (
				5009A26C14FC6861005E7073 /* InfoPlist.strings in Resources */,
			);
			runOnlyForDeploymentPostprocessing = 0;
		};
/* End PBXResourcesBuildPhase section */

/* Begin PBXSourcesBuildPhase section */
		5009A25914FC6861005E7073 /* Sources */ = {
			isa = PBXSourcesBuildPhase;
			buildActionMask = 2147483647;
			files = (
				5009A26E14FC6861005E7073 /* main.m in Sources */,
				5009A27214FC6861005E7073 /* IFAppDelegate.m in Sources */,
			);
			runOnlyForDeploymentPostprocessing = 0;
		};
/* End PBXSourcesBuildPhase section */

/* Begin PBXVariantGroup section */
		5009A26A14FC6861005E7073 /* InfoPlist.strings */ = {
			isa = PBXVariantGroup;
			children = (
				5009A26B14FC6861005E7073 /* en */,
			);
			name = InfoPlist.strings;
			sourceTree = "<group>";
		};
/* End PBXVariantGroup section */

/* Begin XCBuildConfiguration section */
		5009A27314FC6861005E7073 /* Debug */ = {
			isa = XCBuildConfiguration;
			buildSettings = {
				ALWAYS_SEARCH_USER_PATHS = NO;
				ARCHS = "$(ARCHS_STANDARD_32_BIT)";
				CLANG_ENABLE_OBJC_ARC = YES;
				"CODE_SIGN_IDENTITY[sdk=iphoneos*]" = "iPhone Developer";
				COPY_PHASE_STRIP = NO;
				GCC_C_LANGUAGE_STANDARD = gnu99;
				GCC_DYNAMIC_NO_PIC = NO;
				GCC_OPTIMIZATION_LEVEL = 0;
				GCC_PREPROCESSOR_DEFINITIONS = (
					"DEBUG=1",
					"$(inherited)",
				);
				GCC_SYMBOLS_PRIVATE_EXTERN = NO;
				GCC_VERSION = com.apple.compilers.llvm.clang.1_0;
				GCC_WARN_ABOUT_RETURN_TYPE = YES;
				GCC_WARN_UNINITIALIZED_AUTOS = YES;
				GCC_WARN_UNUSED_VARIABLE = YES;
				IPHONEOS_DEPLOYMENT_TARGET = 5.0;
				SDKROOT = iphoneos;
			};
			name = Debug;
		};
		5009A27414FC6861005E7073 /* Release */ = {
			isa = XCBuildConfiguration;
			buildSettings = {
				ALWAYS_SEARCH_USER_PATHS = NO;
				ARCHS = "$(ARCHS_STANDARD_32_BIT)";
				CLANG_ENABLE_OBJC_ARC = YES;
				"CODE_SIGN_IDENTITY[sdk=iphoneos*]" = "iPhone Developer";
				COPY_PHASE_STRIP = YES;
				GCC_C_LANGUAGE_STANDARD = gnu99;
				GCC_VERSION = com.apple.compilers.llvm.clang.1_0;
				GCC_WARN_ABOUT_RETURN_TYPE = YES;
				GCC_WARN_UNINITIALIZED_AUTOS = YES;
				GCC_WARN_UNUSED_VARIABLE = YES;
				IPHONEOS_DEPLOYMENT_TARGET = 5.0;
				OTHER_CFLAGS = "-DNS_BLOCK_ASSERTIONS=1";
				SDKROOT = iphoneos;
				VALIDATE_PRODUCT = YES;
			};
			name = Release;
		};
		5009A27614FC6861005E7073 /* Debug */ = {
			isa = XCBuildConfiguration;
			buildSettings = {
				GCC_PRECOMPILE_PREFIX_HEADER = YES;
				GCC_PREFIX_HEADER = "InstaFilters/InstaFilters-Prefix.pch";
				INFOPLIST_FILE = "InstaFilters/InstaFilters-Info.plist";
				PRODUCT_NAME = "$(TARGET_NAME)";
				WRAPPER_EXTENSION = app;
			};
			name = Debug;
		};
		5009A27714FC6861005E7073 /* Release */ = {
			isa = XCBuildConfiguration;
			buildSettings = {
				GCC_PRECOMPILE_PREFIX_HEADER = YES;
				GCC_PREFIX_HEADER = "InstaFilters/InstaFilters-Prefix.pch";
				INFOPLIST_FILE = "InstaFilters/InstaFilters-Info.plist";
				PRODUCT_NAME = "$(TARGET_NAME)";
				WRAPPER_EXTENSION = app;
			};
			name = Release;
		};
/* End XCBuildConfiguration section */

/* Begin XCConfigurationList section */
		5009A25714FC6861005E7073 /* Build configuration list for PBXProject "InstaFilters" */ = {
			isa = XCConfigurationList;
			buildConfigurations = (
				5009A27314FC6861005E7073 /* Debug */,
				5009A27414FC6861005E7073 /* Release */,
			);
			defaultConfigurationIsVisible = 0;
			defaultConfigurationName = Release;
		};
		5009A27514FC6861005E7073 /* Build configuration list for PBXNativeTarget "InstaFilters" */ = {
			isa = XCConfigurationList;
			buildConfigurations = (
				5009A27614FC6861005E7073 /* Debug */,
				5009A27714FC6861005E7073 /* Release */,
			);
			defaultConfigurationIsVisible = 0;
		};
/* End XCConfigurationList section */
	};
	rootObject = 5009A25414FC6861005E7073 /* Project object */;
}
