// !$*UTF8*$!
{
	archiveVersion = 1;
	classes = {
	};
	objectVersion = 46;
	objects = {

/* Begin PBXBuildFile section */
		5009A26214FC6861005E7073 /* UIKit.framework in Frameworks */ = {isa = PBXBuildFile; fileRef = 5009A26114FC6861005E7073 /* UIKit.framework */; };
		5009A26414FC6861005E7073 /* Foundation.framework in Frameworks */ = {isa = PBXBuildFile; fileRef = 5009A26314FC6861005E7073 /* Foundation.framework */; };
		5009A26614FC6861005E7073 /* CoreGraphics.framework in Frameworks */ = {isa = PBXBuildFile; fileRef = 5009A26514FC6861005E7073 /* CoreGraphics.framework */; };
		5009A26C14FC6861005E7073 /* InfoPlist.strings in Resources */ = {isa = PBXBuildFile; fileRef = 5009A26A14FC6861005E7073 /* InfoPlist.strings */; };
		5009A26E14FC6861005E7073 /* main.m in Sources */ = {isa = PBXBuildFile; fileRef = 5009A26D14FC6861005E7073 /* main.m */; };
		5009A27214FC6861005E7073 /* IFAppDelegate.m in Sources */ = {isa = PBXBuildFile; fileRef = 5009A27114FC6861005E7073 /* IFAppDelegate.m */; };
		5009A27A14FC6A19005E7073 /* CoreMedia.framework in Frameworks */ = {isa = PBXBuildFile; fileRef = 5009A27814FC6A19005E7073 /* CoreMedia.framework */; };
		5009A27B14FC6A19005E7073 /* CoreVideo.framework in Frameworks */ = {isa = PBXBuildFile; fileRef = 5009A27914FC6A19005E7073 /* CoreVideo.framework */; };
		5009A27D14FC6A36005E7073 /* OpenGLES.framework in Frameworks */ = {isa = PBXBuildFile; fileRef = 5009A27C14FC6A36005E7073 /* OpenGLES.framework */; };
		5009A27F14FC6A4C005E7073 /* AVFoundation.framework in Frameworks */ = {isa = PBXBuildFile; fileRef = 5009A27E14FC6A4C005E7073 /* AVFoundation.framework */; };
		5009A28114FC6A65005E7073 /* QuartzCore.framework in Frameworks */ = {isa = PBXBuildFile; fileRef = 5009A28014FC6A65005E7073 /* QuartzCore.framework */; };
		509485B514FC6C95007B42FF /* GLProgram.m in Sources */ = {isa = PBXBuildFile; fileRef = 5094857B14FC6C95007B42FF /* GLProgram.m */; };
		509485BC14FC6C95007B42FF /* GPUImageFilter.m in Sources */ = {isa = PBXBuildFile; fileRef = 5094858A14FC6C95007B42FF /* GPUImageFilter.m */; };
		509485C014FC6C95007B42FF /* GPUImageMovie.m in Sources */ = {isa = PBXBuildFile; fileRef = 5094859214FC6C95007B42FF /* GPUImageMovie.m */; };
		509485C214FC6C95007B42FF /* GPUImageOpenGLESContext.m in Sources */ = {isa = PBXBuildFile; fileRef = 5094859614FC6C95007B42FF /* GPUImageOpenGLESContext.m */; };
		509485C314FC6C95007B42FF /* GPUImageOutput.m in Sources */ = {isa = PBXBuildFile; fileRef = 5094859814FC6C95007B42FF /* GPUImageOutput.m */; };
		509485C514FC6C95007B42FF /* GPUImagePicture.m in Sources */ = {isa = PBXBuildFile; fileRef = 5094859C14FC6C95007B42FF /* GPUImagePicture.m */; };
		509485C714FC6C95007B42FF /* GPUImageRawData.m in Sources */ = {isa = PBXBuildFile; fileRef = 509485A014FC6C95007B42FF /* GPUImageRawData.m */; };
		509485C814FC6C95007B42FF /* GPUImageRotationFilter.m in Sources */ = {isa = PBXBuildFile; fileRef = 509485A214FC6C95007B42FF /* GPUImageRotationFilter.m */; };
		509485CF14FC6C95007B42FF /* GPUImageVideoCamera.m in Sources */ = {isa = PBXBuildFile; fileRef = 509485B014FC6C95007B42FF /* GPUImageVideoCamera.m */; };
		509485D014FC6C95007B42FF /* GPUImageView.m in Sources */ = {isa = PBXBuildFile; fileRef = 509485B214FC6C95007B42FF /* GPUImageView.m */; };
		509485DF14FC6FBB007B42FF /* IFAmaroFilter.m in Sources */ = {isa = PBXBuildFile; fileRef = 509485DE14FC6FBB007B42FF /* IFAmaroFilter.m */; };
		509485E214FC7132007B42FF /* IFRootViewController.m in Sources */ = {isa = PBXBuildFile; fileRef = 509485E114FC7132007B42FF /* IFRootViewController.m */; };
		509485E614FC78EE007B42FF /* IFFiltersViewController.m in Sources */ = {isa = PBXBuildFile; fileRef = 509485E514FC78EE007B42FF /* IFFiltersViewController.m */; };
		509485EA14FC80A3007B42FF /* glCameraBackground.png in Resources */ = {isa = PBXBuildFile; fileRef = 509485E814FC80A3007B42FF /* glCameraBackground.png */; };
		509485EB14FC80A3007B42FF /* glCameraBackground@2x.png in Resources */ = {isa = PBXBuildFile; fileRef = 509485E914FC80A3007B42FF /* glCameraBackground@2x.png */; };
		509485F214FC84E7007B42FF /* glCameraToolbar.png in Resources */ = {isa = PBXBuildFile; fileRef = 509485F014FC84E7007B42FF /* glCameraToolbar.png */; };
		509485F314FC84E7007B42FF /* glCameraToolbar@2x.png in Resources */ = {isa = PBXBuildFile; fileRef = 509485F114FC84E7007B42FF /* glCameraToolbar@2x.png */; };
		509485F614FC8648007B42FF /* glCameraIconCancel.png in Resources */ = {isa = PBXBuildFile; fileRef = 509485F414FC8648007B42FF /* glCameraIconCancel.png */; };
		509485F714FC8648007B42FF /* glCameraIconCancel@2x.png in Resources */ = {isa = PBXBuildFile; fileRef = 509485F514FC8648007B42FF /* glCameraIconCancel@2x.png */; };
		509485FA14FC8A74007B42FF /* glCameraCaptureBar.png in Resources */ = {isa = PBXBuildFile; fileRef = 509485F814FC8A74007B42FF /* glCameraCaptureBar.png */; };
		509485FB14FC8A74007B42FF /* glCameraCaptureBar@2x.png in Resources */ = {isa = PBXBuildFile; fileRef = 509485F914FC8A74007B42FF /* glCameraCaptureBar@2x.png */; };
		509485FE14FC8B37007B42FF /* glCameraShowFilters.png in Resources */ = {isa = PBXBuildFile; fileRef = 509485FC14FC8B37007B42FF /* glCameraShowFilters.png */; };
		509485FF14FC8B37007B42FF /* glCameraShowFilters@2x.png in Resources */ = {isa = PBXBuildFile; fileRef = 509485FD14FC8B37007B42FF /* glCameraShowFilters@2x.png */; };
		5094860214FC8B47007B42FF /* glCameraHideFilters.png in Resources */ = {isa = PBXBuildFile; fileRef = 5094860014FC8B47007B42FF /* glCameraHideFilters.png */; };
		5094860314FC8B47007B42FF /* glCameraHideFilters@2x.png in Resources */ = {isa = PBXBuildFile; fileRef = 5094860114FC8B47007B42FF /* glCameraHideFilters@2x.png */; };
		5094862814FC95A1007B42FF /* DSFilterTile1977.png in Resources */ = {isa = PBXBuildFile; fileRef = 5094860414FC959F007B42FF /* DSFilterTile1977.png */; };
		5094862914FC95A1007B42FF /* DSFilterTile1977@2x.png in Resources */ = {isa = PBXBuildFile; fileRef = 5094860514FC959F007B42FF /* DSFilterTile1977@2x.png */; };
		5094862A14FC95A1007B42FF /* DSFilterTileAmaro.png in Resources */ = {isa = PBXBuildFile; fileRef = 5094860614FC959F007B42FF /* DSFilterTileAmaro.png */; };
		5094862B14FC95A1007B42FF /* DSFilterTileAmaro@2x.png in Resources */ = {isa = PBXBuildFile; fileRef = 5094860714FC959F007B42FF /* DSFilterTileAmaro@2x.png */; };
		5094862C14FC95A1007B42FF /* DSFilterTileBrannan.png in Resources */ = {isa = PBXBuildFile; fileRef = 5094860814FC959F007B42FF /* DSFilterTileBrannan.png */; };
		5094862D14FC95A1007B42FF /* DSFilterTileBrannan@2x.png in Resources */ = {isa = PBXBuildFile; fileRef = 5094860914FC959F007B42FF /* DSFilterTileBrannan@2x.png */; };
		5094862E14FC95A1007B42FF /* DSFilterTileEarlybird.png in Resources */ = {isa = PBXBuildFile; fileRef = 5094860A14FC95A0007B42FF /* DSFilterTileEarlybird.png */; };
		5094862F14FC95A1007B42FF /* DSFilterTileEarlybird@2x.png in Resources */ = {isa = PBXBuildFile; fileRef = 5094860B14FC95A0007B42FF /* DSFilterTileEarlybird@2x.png */; };
		5094863014FC95A1007B42FF /* DSFilterTileHefe.png in Resources */ = {isa = PBXBuildFile; fileRef = 5094860C14FC95A0007B42FF /* DSFilterTileHefe.png */; };
		5094863114FC95A1007B42FF /* DSFilterTileHefe@2x.png in Resources */ = {isa = PBXBuildFile; fileRef = 5094860D14FC95A0007B42FF /* DSFilterTileHefe@2x.png */; };
		5094863214FC95A1007B42FF /* DSFilterTileHudson.png in Resources */ = {isa = PBXBuildFile; fileRef = 5094860E14FC95A0007B42FF /* DSFilterTileHudson.png */; };
		5094863314FC95A1007B42FF /* DSFilterTileHudson@2x.png in Resources */ = {isa = PBXBuildFile; fileRef = 5094860F14FC95A0007B42FF /* DSFilterTileHudson@2x.png */; };
		5094863414FC95A1007B42FF /* DSFilterTileInkwell.png in Resources */ = {isa = PBXBuildFile; fileRef = 5094861014FC95A0007B42FF /* DSFilterTileInkwell.png */; };
		5094863514FC95A1007B42FF /* DSFilterTileInkwell@2x.png in Resources */ = {isa = PBXBuildFile; fileRef = 5094861114FC95A0007B42FF /* DSFilterTileInkwell@2x.png */; };
		5094863614FC95A1007B42FF /* DSFilterTileLomoFi.png in Resources */ = {isa = PBXBuildFile; fileRef = 5094861214FC95A0007B42FF /* DSFilterTileLomoFi.png */; };
		5094863714FC95A1007B42FF /* DSFilterTileLomoFi@2x.png in Resources */ = {isa = PBXBuildFile; fileRef = 5094861314FC95A0007B42FF /* DSFilterTileLomoFi@2x.png */; };
		5094863814FC95A1007B42FF /* DSFilterTileLordKelvin.png in Resources */ = {isa = PBXBuildFile; fileRef = 5094861414FC95A0007B42FF /* DSFilterTileLordKelvin.png */; };
		5094863914FC95A1007B42FF /* DSFilterTileLordKelvin@2x.png in Resources */ = {isa = PBXBuildFile; fileRef = 5094861514FC95A0007B42FF /* DSFilterTileLordKelvin@2x.png */; };
		5094863A14FC95A1007B42FF /* DSFilterTileNashville.png in Resources */ = {isa = PBXBuildFile; fileRef = 5094861614FC95A0007B42FF /* DSFilterTileNashville.png */; };
		5094863B14FC95A1007B42FF /* DSFilterTileNashville@2x.png in Resources */ = {isa = PBXBuildFile; fileRef = 5094861714FC95A0007B42FF /* DSFilterTileNashville@2x.png */; };
		5094863C14FC95A1007B42FF /* DSFilterTileNormal.png in Resources */ = {isa = PBXBuildFile; fileRef = 5094861814FC95A0007B42FF /* DSFilterTileNormal.png */; };
		5094863D14FC95A1007B42FF /* DSFilterTileNormal@2x.png in Resources */ = {isa = PBXBuildFile; fileRef = 5094861914FC95A0007B42FF /* DSFilterTileNormal@2x.png */; };
		5094863E14FC95A1007B42FF /* DSFilterTileRise.png in Resources */ = {isa = PBXBuildFile; fileRef = 5094861A14FC95A0007B42FF /* DSFilterTileRise.png */; };
		5094863F14FC95A1007B42FF /* DSFilterTileRise@2x.png in Resources */ = {isa = PBXBuildFile; fileRef = 5094861B14FC95A1007B42FF /* DSFilterTileRise@2x.png */; };
		5094864014FC95A1007B42FF /* DSFilterTileSierra.png in Resources */ = {isa = PBXBuildFile; fileRef = 5094861C14FC95A1007B42FF /* DSFilterTileSierra.png */; };
		5094864114FC95A1007B42FF /* DSFilterTileSierra@2x.png in Resources */ = {isa = PBXBuildFile; fileRef = 5094861D14FC95A1007B42FF /* DSFilterTileSierra@2x.png */; };
		5094864214FC95A1007B42FF /* DSFilterTileSutro.png in Resources */ = {isa = PBXBuildFile; fileRef = 5094861E14FC95A1007B42FF /* DSFilterTileSutro.png */; };
		5094864314FC95A1007B42FF /* DSFilterTileSutro@2x.png in Resources */ = {isa = PBXBuildFile; fileRef = 5094861F14FC95A1007B42FF /* DSFilterTileSutro@2x.png */; };
		5094864414FC95A1007B42FF /* DSFilterTileToaster.png in Resources */ = {isa = PBXBuildFile; fileRef = 5094862014FC95A1007B42FF /* DSFilterTileToaster.png */; };
		5094864514FC95A1007B42FF /* DSFilterTileToaster@2x.png in Resources */ = {isa = PBXBuildFile; fileRef = 5094862114FC95A1007B42FF /* DSFilterTileToaster@2x.png */; };
		5094864614FC95A1007B42FF /* DSFilterTileValencia.png in Resources */ = {isa = PBXBuildFile; fileRef = 5094862214FC95A1007B42FF /* DSFilterTileValencia.png */; };
		5094864714FC95A1007B42FF /* DSFilterTileValencia@2x.png in Resources */ = {isa = PBXBuildFile; fileRef = 5094862314FC95A1007B42FF /* DSFilterTileValencia@2x.png */; };
		5094864814FC95A1007B42FF /* DSFilterTileWalden.png in Resources */ = {isa = PBXBuildFile; fileRef = 5094862414FC95A1007B42FF /* DSFilterTileWalden.png */; };
		5094864914FC95A1007B42FF /* DSFilterTileWalden@2x.png in Resources */ = {isa = PBXBuildFile; fileRef = 5094862514FC95A1007B42FF /* DSFilterTileWalden@2x.png */; };
		5094864A14FC95A1007B42FF /* DSFilterTileXpro2.png in Resources */ = {isa = PBXBuildFile; fileRef = 5094862614FC95A1007B42FF /* DSFilterTileXpro2.png */; };
		5094864B14FC95A1007B42FF /* DSFilterTileXpro2@2x.png in Resources */ = {isa = PBXBuildFile; fileRef = 5094862714FC95A1007B42FF /* DSFilterTileXpro2@2x.png */; };
/* End PBXBuildFile section */

/* Begin PBXFileReference section */
		5009A25D14FC6861005E7073 /* InstaFilters.app */ = {isa = PBXFileReference; explicitFileType = wrapper.application; includeInIndex = 0; path = InstaFilters.app; sourceTree = BUILT_PRODUCTS_DIR; };
		5009A26114FC6861005E7073 /* UIKit.framework */ = {isa = PBXFileReference; lastKnownFileType = wrapper.framework; name = UIKit.framework; path = System/Library/Frameworks/UIKit.framework; sourceTree = SDKROOT; };
		5009A26314FC6861005E7073 /* Foundation.framework */ = {isa = PBXFileReference; lastKnownFileType = wrapper.framework; name = Foundation.framework; path = System/Library/Frameworks/Foundation.framework; sourceTree = SDKROOT; };
		5009A26514FC6861005E7073 /* CoreGraphics.framework */ = {isa = PBXFileReference; lastKnownFileType = wrapper.framework; name = CoreGraphics.framework; path = System/Library/Frameworks/CoreGraphics.framework; sourceTree = SDKROOT; };
		5009A26914FC6861005E7073 /* InstaFilters-Info.plist */ = {isa = PBXFileReference; lastKnownFileType = text.plist.xml; path = "InstaFilters-Info.plist"; sourceTree = "<group>"; };
		5009A26B14FC6861005E7073 /* en */ = {isa = PBXFileReference; lastKnownFileType = text.plist.strings; name = en; path = en.lproj/InfoPlist.strings; sourceTree = "<group>"; };
		5009A26D14FC6861005E7073 /* main.m */ = {isa = PBXFileReference; lastKnownFileType = sourcecode.c.objc; path = main.m; sourceTree = "<group>"; };
		5009A26F14FC6861005E7073 /* InstaFilters-Prefix.pch */ = {isa = PBXFileReference; lastKnownFileType = sourcecode.c.h; path = "InstaFilters-Prefix.pch"; sourceTree = "<group>"; };
		5009A27014FC6861005E7073 /* IFAppDelegate.h */ = {isa = PBXFileReference; lastKnownFileType = sourcecode.c.h; path = IFAppDelegate.h; sourceTree = "<group>"; };
		5009A27114FC6861005E7073 /* IFAppDelegate.m */ = {isa = PBXFileReference; lastKnownFileType = sourcecode.c.objc; path = IFAppDelegate.m; sourceTree = "<group>"; };
		5009A27814FC6A19005E7073 /* CoreMedia.framework */ = {isa = PBXFileReference; lastKnownFileType = wrapper.framework; name = CoreMedia.framework; path = System/Library/Frameworks/CoreMedia.framework; sourceTree = SDKROOT; };
		5009A27914FC6A19005E7073 /* CoreVideo.framework */ = {isa = PBXFileReference; lastKnownFileType = wrapper.framework; name = CoreVideo.framework; path = System/Library/Frameworks/CoreVideo.framework; sourceTree = SDKROOT; };
		5009A27C14FC6A36005E7073 /* OpenGLES.framework */ = {isa = PBXFileReference; lastKnownFileType = wrapper.framework; name = OpenGLES.framework; path = System/Library/Frameworks/OpenGLES.framework; sourceTree = SDKROOT; };
		5009A27E14FC6A4C005E7073 /* AVFoundation.framework */ = {isa = PBXFileReference; lastKnownFileType = wrapper.framework; name = AVFoundation.framework; path = System/Library/Frameworks/AVFoundation.framework; sourceTree = SDKROOT; };
		5009A28014FC6A65005E7073 /* QuartzCore.framework */ = {isa = PBXFileReference; lastKnownFileType = wrapper.framework; name = QuartzCore.framework; path = System/Library/Frameworks/QuartzCore.framework; sourceTree = SDKROOT; };
		5094857A14FC6C95007B42FF /* GLProgram.h */ = {isa = PBXFileReference; fileEncoding = 4; lastKnownFileType = sourcecode.c.h; name = GLProgram.h; path = GPUImage/GLProgram.h; sourceTree = "<group>"; };
		5094857B14FC6C95007B42FF /* GLProgram.m */ = {isa = PBXFileReference; fileEncoding = 4; lastKnownFileType = sourcecode.c.objc; name = GLProgram.m; path = GPUImage/GLProgram.m; sourceTree = "<group>"; };
		5094857C14FC6C95007B42FF /* GPUImage.h */ = {isa = PBXFileReference; fileEncoding = 4; lastKnownFileType = sourcecode.c.h; name = GPUImage.h; path = GPUImage/GPUImage.h; sourceTree = "<group>"; };
		5094858914FC6C95007B42FF /* GPUImageFilter.h */ = {isa = PBXFileReference; fileEncoding = 4; lastKnownFileType = sourcecode.c.h; name = GPUImageFilter.h; path = GPUImage/GPUImageFilter.h; sourceTree = "<group>"; };
		5094858A14FC6C95007B42FF /* GPUImageFilter.m */ = {isa = PBXFileReference; fileEncoding = 4; lastKnownFileType = sourcecode.c.objc; name = GPUImageFilter.m; path = GPUImage/GPUImageFilter.m; sourceTree = "<group>"; };
		5094859114FC6C95007B42FF /* GPUImageMovie.h */ = {isa = PBXFileReference; fileEncoding = 4; lastKnownFileType = sourcecode.c.h; name = GPUImageMovie.h; path = GPUImage/GPUImageMovie.h; sourceTree = "<group>"; };
		5094859214FC6C95007B42FF /* GPUImageMovie.m */ = {isa = PBXFileReference; fileEncoding = 4; lastKnownFileType = sourcecode.c.objc; name = GPUImageMovie.m; path = GPUImage/GPUImageMovie.m; sourceTree = "<group>"; };
		5094859514FC6C95007B42FF /* GPUImageOpenGLESContext.h */ = {isa = PBXFileReference; fileEncoding = 4; lastKnownFileType = sourcecode.c.h; name = GPUImageOpenGLESContext.h; path = GPUImage/GPUImageOpenGLESContext.h; sourceTree = "<group>"; };
		5094859614FC6C95007B42FF /* GPUImageOpenGLESContext.m */ = {isa = PBXFileReference; fileEncoding = 4; lastKnownFileType = sourcecode.c.objc; name = GPUImageOpenGLESContext.m; path = GPUImage/GPUImageOpenGLESContext.m; sourceTree = "<group>"; };
		5094859714FC6C95007B42FF /* GPUImageOutput.h */ = {isa = PBXFileReference; fileEncoding = 4; lastKnownFileType = sourcecode.c.h; name = GPUImageOutput.h; path = GPUImage/GPUImageOutput.h; sourceTree = "<group>"; };
		5094859814FC6C95007B42FF /* GPUImageOutput.m */ = {isa = PBXFileReference; fileEncoding = 4; lastKnownFileType = sourcecode.c.objc; name = GPUImageOutput.m; path = GPUImage/GPUImageOutput.m; sourceTree = "<group>"; };
		5094859B14FC6C95007B42FF /* GPUImagePicture.h */ = {isa = PBXFileReference; fileEncoding = 4; lastKnownFileType = sourcecode.c.h; name = GPUImagePicture.h; path = GPUImage/GPUImagePicture.h; sourceTree = "<group>"; };
		5094859C14FC6C95007B42FF /* GPUImagePicture.m */ = {isa = PBXFileReference; fileEncoding = 4; lastKnownFileType = sourcecode.c.objc; name = GPUImagePicture.m; path = GPUImage/GPUImagePicture.m; sourceTree = "<group>"; };
		5094859F14FC6C95007B42FF /* GPUImageRawData.h */ = {isa = PBXFileReference; fileEncoding = 4; lastKnownFileType = sourcecode.c.h; name = GPUImageRawData.h; path = GPUImage/GPUImageRawData.h; sourceTree = "<group>"; };
		509485A014FC6C95007B42FF /* GPUImageRawData.m */ = {isa = PBXFileReference; fileEncoding = 4; lastKnownFileType = sourcecode.c.objc; name = GPUImageRawData.m; path = GPUImage/GPUImageRawData.m; sourceTree = "<group>"; };
		509485A114FC6C95007B42FF /* GPUImageRotationFilter.h */ = {isa = PBXFileReference; fileEncoding = 4; lastKnownFileType = sourcecode.c.h; name = GPUImageRotationFilter.h; path = GPUImage/GPUImageRotationFilter.h; sourceTree = "<group>"; };
		509485A214FC6C95007B42FF /* GPUImageRotationFilter.m */ = {isa = PBXFileReference; fileEncoding = 4; lastKnownFileType = sourcecode.c.objc; name = GPUImageRotationFilter.m; path = GPUImage/GPUImageRotationFilter.m; sourceTree = "<group>"; };
		509485AF14FC6C95007B42FF /* GPUImageVideoCamera.h */ = {isa = PBXFileReference; fileEncoding = 4; lastKnownFileType = sourcecode.c.h; name = GPUImageVideoCamera.h; path = GPUImage/GPUImageVideoCamera.h; sourceTree = "<group>"; };
		509485B014FC6C95007B42FF /* GPUImageVideoCamera.m */ = {isa = PBXFileReference; fileEncoding = 4; lastKnownFileType = sourcecode.c.objc; name = GPUImageVideoCamera.m; path = GPUImage/GPUImageVideoCamera.m; sourceTree = "<group>"; };
		509485B114FC6C95007B42FF /* GPUImageView.h */ = {isa = PBXFileReference; fileEncoding = 4; lastKnownFileType = sourcecode.c.h; name = GPUImageView.h; path = GPUImage/GPUImageView.h; sourceTree = "<group>"; };
		509485B214FC6C95007B42FF /* GPUImageView.m */ = {isa = PBXFileReference; fileEncoding = 4; lastKnownFileType = sourcecode.c.objc; name = GPUImageView.m; path = GPUImage/GPUImageView.m; sourceTree = "<group>"; };
		509485DD14FC6FBB007B42FF /* IFAmaroFilter.h */ = {isa = PBXFileReference; fileEncoding = 4; lastKnownFileType = sourcecode.c.h; name = IFAmaroFilter.h; path = Filters/IFAmaroFilter.h; sourceTree = "<group>"; };
		509485DE14FC6FBB007B42FF /* IFAmaroFilter.m */ = {isa = PBXFileReference; fileEncoding = 4; lastKnownFileType = sourcecode.c.objc; name = IFAmaroFilter.m; path = Filters/IFAmaroFilter.m; sourceTree = "<group>"; };
		509485E014FC7132007B42FF /* IFRootViewController.h */ = {isa = PBXFileReference; fileEncoding = 4; lastKnownFileType = sourcecode.c.h; path = IFRootViewController.h; sourceTree = "<group>"; };
		509485E114FC7132007B42FF /* IFRootViewController.m */ = {isa = PBXFileReference; fileEncoding = 4; lastKnownFileType = sourcecode.c.objc; path = IFRootViewController.m; sourceTree = "<group>"; };
		509485E414FC78EE007B42FF /* IFFiltersViewController.h */ = {isa = PBXFileReference; fileEncoding = 4; lastKnownFileType = sourcecode.c.h; name = IFFiltersViewController.h; path = FiltersViewController/IFFiltersViewController.h; sourceTree = "<group>"; };
		509485E514FC78EE007B42FF /* IFFiltersViewController.m */ = {isa = PBXFileReference; fileEncoding = 4; lastKnownFileType = sourcecode.c.objc; name = IFFiltersViewController.m; path = FiltersViewController/IFFiltersViewController.m; sourceTree = "<group>"; };
		509485E814FC80A3007B42FF /* glCameraBackground.png */ = {isa = PBXFileReference; lastKnownFileType = image.png; path = glCameraBackground.png; sourceTree = "<group>"; };
		509485E914FC80A3007B42FF /* glCameraBackground@2x.png */ = {isa = PBXFileReference; lastKnownFileType = image.png; path = "glCameraBackground@2x.png"; sourceTree = "<group>"; };
		509485F014FC84E7007B42FF /* glCameraToolbar.png */ = {isa = PBXFileReference; lastKnownFileType = image.png; path = glCameraToolbar.png; sourceTree = "<group>"; };
		509485F114FC84E7007B42FF /* glCameraToolbar@2x.png */ = {isa = PBXFileReference; lastKnownFileType = image.png; path = "glCameraToolbar@2x.png"; sourceTree = "<group>"; };
		509485F414FC8648007B42FF /* glCameraIconCancel.png */ = {isa = PBXFileReference; lastKnownFileType = image.png; path = glCameraIconCancel.png; sourceTree = "<group>"; };
		509485F514FC8648007B42FF /* glCameraIconCancel@2x.png */ = {isa = PBXFileReference; lastKnownFileType = image.png; path = "glCameraIconCancel@2x.png"; sourceTree = "<group>"; };
		509485F814FC8A74007B42FF /* glCameraCaptureBar.png */ = {isa = PBXFileReference; lastKnownFileType = image.png; path = glCameraCaptureBar.png; sourceTree = "<group>"; };
		509485F914FC8A74007B42FF /* glCameraCaptureBar@2x.png */ = {isa = PBXFileReference; lastKnownFileType = image.png; path = "glCameraCaptureBar@2x.png"; sourceTree = "<group>"; };
		509485FC14FC8B37007B42FF /* glCameraShowFilters.png */ = {isa = PBXFileReference; lastKnownFileType = image.png; path = glCameraShowFilters.png; sourceTree = "<group>"; };
		509485FD14FC8B37007B42FF /* glCameraShowFilters@2x.png */ = {isa = PBXFileReference; lastKnownFileType = image.png; path = "glCameraShowFilters@2x.png"; sourceTree = "<group>"; };
		5094860014FC8B47007B42FF /* glCameraHideFilters.png */ = {isa = PBXFileReference; lastKnownFileType = image.png; path = glCameraHideFilters.png; sourceTree = "<group>"; };
		5094860114FC8B47007B42FF /* glCameraHideFilters@2x.png */ = {isa = PBXFileReference; lastKnownFileType = image.png; path = "glCameraHideFilters@2x.png"; sourceTree = "<group>"; };
		5094860414FC959F007B42FF /* DSFilterTile1977.png */ = {isa = PBXFileReference; lastKnownFileType = image.png; path = DSFilterTile1977.png; sourceTree = "<group>"; };
		5094860514FC959F007B42FF /* DSFilterTile1977@2x.png */ = {isa = PBXFileReference; lastKnownFileType = image.png; path = "DSFilterTile1977@2x.png"; sourceTree = "<group>"; };
		5094860614FC959F007B42FF /* DSFilterTileAmaro.png */ = {isa = PBXFileReference; lastKnownFileType = image.png; path = DSFilterTileAmaro.png; sourceTree = "<group>"; };
		5094860714FC959F007B42FF /* DSFilterTileAmaro@2x.png */ = {isa = PBXFileReference; lastKnownFileType = image.png; path = "DSFilterTileAmaro@2x.png"; sourceTree = "<group>"; };
		5094860814FC959F007B42FF /* DSFilterTileBrannan.png */ = {isa = PBXFileReference; lastKnownFileType = image.png; path = DSFilterTileBrannan.png; sourceTree = "<group>"; };
		5094860914FC959F007B42FF /* DSFilterTileBrannan@2x.png */ = {isa = PBXFileReference; lastKnownFileType = image.png; path = "DSFilterTileBrannan@2x.png"; sourceTree = "<group>"; };
		5094860A14FC95A0007B42FF /* DSFilterTileEarlybird.png */ = {isa = PBXFileReference; lastKnownFileType = image.png; path = DSFilterTileEarlybird.png; sourceTree = "<group>"; };
		5094860B14FC95A0007B42FF /* DSFilterTileEarlybird@2x.png */ = {isa = PBXFileReference; lastKnownFileType = image.png; path = "DSFilterTileEarlybird@2x.png"; sourceTree = "<group>"; };
		5094860C14FC95A0007B42FF /* DSFilterTileHefe.png */ = {isa = PBXFileReference; lastKnownFileType = image.png; path = DSFilterTileHefe.png; sourceTree = "<group>"; };
		5094860D14FC95A0007B42FF /* DSFilterTileHefe@2x.png */ = {isa = PBXFileReference; lastKnownFileType = image.png; path = "DSFilterTileHefe@2x.png"; sourceTree = "<group>"; };
		5094860E14FC95A0007B42FF /* DSFilterTileHudson.png */ = {isa = PBXFileReference; lastKnownFileType = image.png; path = DSFilterTileHudson.png; sourceTree = "<group>"; };
		5094860F14FC95A0007B42FF /* DSFilterTileHudson@2x.png */ = {isa = PBXFileReference; lastKnownFileType = image.png; path = "DSFilterTileHudson@2x.png"; sourceTree = "<group>"; };
		5094861014FC95A0007B42FF /* DSFilterTileInkwell.png */ = {isa = PBXFileReference; lastKnownFileType = image.png; path = DSFilterTileInkwell.png; sourceTree = "<group>"; };
		5094861114FC95A0007B42FF /* DSFilterTileInkwell@2x.png */ = {isa = PBXFileReference; lastKnownFileType = image.png; path = "DSFilterTileInkwell@2x.png"; sourceTree = "<group>"; };
		5094861214FC95A0007B42FF /* DSFilterTileLomoFi.png */ = {isa = PBXFileReference; lastKnownFileType = image.png; path = DSFilterTileLomoFi.png; sourceTree = "<group>"; };
		5094861314FC95A0007B42FF /* DSFilterTileLomoFi@2x.png */ = {isa = PBXFileReference; lastKnownFileType = image.png; path = "DSFilterTileLomoFi@2x.png"; sourceTree = "<group>"; };
		5094861414FC95A0007B42FF /* DSFilterTileLordKelvin.png */ = {isa = PBXFileReference; lastKnownFileType = image.png; path = DSFilterTileLordKelvin.png; sourceTree = "<group>"; };
		5094861514FC95A0007B42FF /* DSFilterTileLordKelvin@2x.png */ = {isa = PBXFileReference; lastKnownFileType = image.png; path = "DSFilterTileLordKelvin@2x.png"; sourceTree = "<group>"; };
		5094861614FC95A0007B42FF /* DSFilterTileNashville.png */ = {isa = PBXFileReference; lastKnownFileType = image.png; path = DSFilterTileNashville.png; sourceTree = "<group>"; };
		5094861714FC95A0007B42FF /* DSFilterTileNashville@2x.png */ = {isa = PBXFileReference; lastKnownFileType = image.png; path = "DSFilterTileNashville@2x.png"; sourceTree = "<group>"; };
		5094861814FC95A0007B42FF /* DSFilterTileNormal.png */ = {isa = PBXFileReference; lastKnownFileType = image.png; path = DSFilterTileNormal.png; sourceTree = "<group>"; };
		5094861914FC95A0007B42FF /* DSFilterTileNormal@2x.png */ = {isa = PBXFileReference; lastKnownFileType = image.png; path = "DSFilterTileNormal@2x.png"; sourceTree = "<group>"; };
		5094861A14FC95A0007B42FF /* DSFilterTileRise.png */ = {isa = PBXFileReference; lastKnownFileType = image.png; path = DSFilterTileRise.png; sourceTree = "<group>"; };
		5094861B14FC95A1007B42FF /* DSFilterTileRise@2x.png */ = {isa = PBXFileReference; lastKnownFileType = image.png; path = "DSFilterTileRise@2x.png"; sourceTree = "<group>"; };
		5094861C14FC95A1007B42FF /* DSFilterTileSierra.png */ = {isa = PBXFileReference; lastKnownFileType = image.png; path = DSFilterTileSierra.png; sourceTree = "<group>"; };
		5094861D14FC95A1007B42FF /* DSFilterTileSierra@2x.png */ = {isa = PBXFileReference; lastKnownFileType = image.png; path = "DSFilterTileSierra@2x.png"; sourceTree = "<group>"; };
		5094861E14FC95A1007B42FF /* DSFilterTileSutro.png */ = {isa = PBXFileReference; lastKnownFileType = image.png; path = DSFilterTileSutro.png; sourceTree = "<group>"; };
		5094861F14FC95A1007B42FF /* DSFilterTileSutro@2x.png */ = {isa = PBXFileReference; lastKnownFileType = image.png; path = "DSFilterTileSutro@2x.png"; sourceTree = "<group>"; };
		5094862014FC95A1007B42FF /* DSFilterTileToaster.png */ = {isa = PBXFileReference; lastKnownFileType = image.png; path = DSFilterTileToaster.png; sourceTree = "<group>"; };
		5094862114FC95A1007B42FF /* DSFilterTileToaster@2x.png */ = {isa = PBXFileReference; lastKnownFileType = image.png; path = "DSFilterTileToaster@2x.png"; sourceTree = "<group>"; };
		5094862214FC95A1007B42FF /* DSFilterTileValencia.png */ = {isa = PBXFileReference; lastKnownFileType = image.png; path = DSFilterTileValencia.png; sourceTree = "<group>"; };
		5094862314FC95A1007B42FF /* DSFilterTileValencia@2x.png */ = {isa = PBXFileReference; lastKnownFileType = image.png; path = "DSFilterTileValencia@2x.png"; sourceTree = "<group>"; };
		5094862414FC95A1007B42FF /* DSFilterTileWalden.png */ = {isa = PBXFileReference; lastKnownFileType = image.png; path = DSFilterTileWalden.png; sourceTree = "<group>"; };
		5094862514FC95A1007B42FF /* DSFilterTileWalden@2x.png */ = {isa = PBXFileReference; lastKnownFileType = image.png; path = "DSFilterTileWalden@2x.png"; sourceTree = "<group>"; };
		5094862614FC95A1007B42FF /* DSFilterTileXpro2.png */ = {isa = PBXFileReference; lastKnownFileType = image.png; path = DSFilterTileXpro2.png; sourceTree = "<group>"; };
		5094862714FC95A1007B42FF /* DSFilterTileXpro2@2x.png */ = {isa = PBXFileReference; lastKnownFileType = image.png; path = "DSFilterTileXpro2@2x.png"; sourceTree = "<group>"; };
/* End PBXFileReference section */

/* Begin PBXFrameworksBuildPhase section */
		5009A25A14FC6861005E7073 /* Frameworks */ = {
			isa = PBXFrameworksBuildPhase;
			buildActionMask = 2147483647;
			files = (
				5009A28114FC6A65005E7073 /* QuartzCore.framework in Frameworks */,
				5009A27F14FC6A4C005E7073 /* AVFoundation.framework in Frameworks */,
				5009A27D14FC6A36005E7073 /* OpenGLES.framework in Frameworks */,
				5009A27A14FC6A19005E7073 /* CoreMedia.framework in Frameworks */,
				5009A27B14FC6A19005E7073 /* CoreVideo.framework in Frameworks */,
				5009A26214FC6861005E7073 /* UIKit.framework in Frameworks */,
				5009A26414FC6861005E7073 /* Foundation.framework in Frameworks */,
				5009A26614FC6861005E7073 /* CoreGraphics.framework in Frameworks */,
			);
			runOnlyForDeploymentPostprocessing = 0;
		};
/* End PBXFrameworksBuildPhase section */

/* Begin PBXGroup section */
		5009A25214FC6861005E7073 = {
			isa = PBXGroup;
			children = (
				5009A26714FC6861005E7073 /* InstaFilters */,
				5009A26014FC6861005E7073 /* Frameworks */,
				5009A25E14FC6861005E7073 /* Products */,
			);
			sourceTree = "<group>";
		};
		5009A25E14FC6861005E7073 /* Products */ = {
			isa = PBXGroup;
			children = (
				5009A25D14FC6861005E7073 /* InstaFilters.app */,
			);
			name = Products;
			sourceTree = "<group>";
		};
		5009A26014FC6861005E7073 /* Frameworks */ = {
			isa = PBXGroup;
			children = (
				5009A28014FC6A65005E7073 /* QuartzCore.framework */,
				5009A27E14FC6A4C005E7073 /* AVFoundation.framework */,
				5009A27C14FC6A36005E7073 /* OpenGLES.framework */,
				5009A27814FC6A19005E7073 /* CoreMedia.framework */,
				5009A27914FC6A19005E7073 /* CoreVideo.framework */,
				5009A26114FC6861005E7073 /* UIKit.framework */,
				5009A26314FC6861005E7073 /* Foundation.framework */,
				5009A26514FC6861005E7073 /* CoreGraphics.framework */,
			);
			name = Frameworks;
			sourceTree = "<group>";
		};
		5009A26714FC6861005E7073 /* InstaFilters */ = {
			isa = PBXGroup;
			children = (
				509485E714FC8075007B42FF /* Resources for FiltersViewController */,
				509485E314FC77FF007B42FF /* FiltersViewController */,
				509485DC14FC6F58007B42FF /* Filters */,
				5094857814FC6C58007B42FF /* GPUImage */,
				5009A27014FC6861005E7073 /* IFAppDelegate.h */,
				5009A27114FC6861005E7073 /* IFAppDelegate.m */,
				509485E014FC7132007B42FF /* IFRootViewController.h */,
				509485E114FC7132007B42FF /* IFRootViewController.m */,
				5009A26814FC6861005E7073 /* Supporting Files */,
			);
			path = InstaFilters;
			sourceTree = "<group>";
		};
		5009A26814FC6861005E7073 /* Supporting Files */ = {
			isa = PBXGroup;
			children = (
				5009A26914FC6861005E7073 /* InstaFilters-Info.plist */,
				5009A26A14FC6861005E7073 /* InfoPlist.strings */,
				5009A26D14FC6861005E7073 /* main.m */,
				5009A26F14FC6861005E7073 /* InstaFilters-Prefix.pch */,
			);
			name = "Supporting Files";
			sourceTree = "<group>";
		};
		5094857814FC6C58007B42FF /* GPUImage */ = {
			isa = PBXGroup;
			children = (
				5094857A14FC6C95007B42FF /* GLProgram.h */,
				5094857B14FC6C95007B42FF /* GLProgram.m */,
				5094857C14FC6C95007B42FF /* GPUImage.h */,
				5094858914FC6C95007B42FF /* GPUImageFilter.h */,
				5094858A14FC6C95007B42FF /* GPUImageFilter.m */,
				5094859114FC6C95007B42FF /* GPUImageMovie.h */,
				5094859214FC6C95007B42FF /* GPUImageMovie.m */,
				5094859514FC6C95007B42FF /* GPUImageOpenGLESContext.h */,
				5094859614FC6C95007B42FF /* GPUImageOpenGLESContext.m */,
				5094859714FC6C95007B42FF /* GPUImageOutput.h */,
				5094859814FC6C95007B42FF /* GPUImageOutput.m */,
				5094859B14FC6C95007B42FF /* GPUImagePicture.h */,
				5094859C14FC6C95007B42FF /* GPUImagePicture.m */,
				5094859F14FC6C95007B42FF /* GPUImageRawData.h */,
				509485A014FC6C95007B42FF /* GPUImageRawData.m */,
				509485A114FC6C95007B42FF /* GPUImageRotationFilter.h */,
				509485A214FC6C95007B42FF /* GPUImageRotationFilter.m */,
				509485AF14FC6C95007B42FF /* GPUImageVideoCamera.h */,
				509485B014FC6C95007B42FF /* GPUImageVideoCamera.m */,
				509485B114FC6C95007B42FF /* GPUImageView.h */,
				509485B214FC6C95007B42FF /* GPUImageView.m */,
			);
			name = GPUImage;
			sourceTree = "<group>";
		};
		509485DC14FC6F58007B42FF /* Filters */ = {
			isa = PBXGroup;
			children = (
				509485DD14FC6FBB007B42FF /* IFAmaroFilter.h */,
				509485DE14FC6FBB007B42FF /* IFAmaroFilter.m */,
			);
			name = Filters;
			sourceTree = "<group>";
		};
		509485E314FC77FF007B42FF /* FiltersViewController */ = {
			isa = PBXGroup;
			children = (
				509485E414FC78EE007B42FF /* IFFiltersViewController.h */,
				509485E514FC78EE007B42FF /* IFFiltersViewController.m */,
			);
			name = FiltersViewController;
			sourceTree = "<group>";
		};
		509485E714FC8075007B42FF /* Resources for FiltersViewController */ = {
			isa = PBXGroup;
			children = (
				5094860414FC959F007B42FF /* DSFilterTile1977.png */,
				5094860514FC959F007B42FF /* DSFilterTile1977@2x.png */,
				5094860614FC959F007B42FF /* DSFilterTileAmaro.png */,
				5094860714FC959F007B42FF /* DSFilterTileAmaro@2x.png */,
				5094860814FC959F007B42FF /* DSFilterTileBrannan.png */,
				5094860914FC959F007B42FF /* DSFilterTileBrannan@2x.png */,
				5094860A14FC95A0007B42FF /* DSFilterTileEarlybird.png */,
				5094860B14FC95A0007B42FF /* DSFilterTileEarlybird@2x.png */,
				5094860C14FC95A0007B42FF /* DSFilterTileHefe.png */,
				5094860D14FC95A0007B42FF /* DSFilterTileHefe@2x.png */,
				5094860E14FC95A0007B42FF /* DSFilterTileHudson.png */,
				5094860F14FC95A0007B42FF /* DSFilterTileHudson@2x.png */,
				5094861014FC95A0007B42FF /* DSFilterTileInkwell.png */,
				5094861114FC95A0007B42FF /* DSFilterTileInkwell@2x.png */,
				5094861214FC95A0007B42FF /* DSFilterTileLomoFi.png */,
				5094861314FC95A0007B42FF /* DSFilterTileLomoFi@2x.png */,
				5094861414FC95A0007B42FF /* DSFilterTileLordKelvin.png */,
				5094861514FC95A0007B42FF /* DSFilterTileLordKelvin@2x.png */,
				5094861614FC95A0007B42FF /* DSFilterTileNashville.png */,
				5094861714FC95A0007B42FF /* DSFilterTileNashville@2x.png */,
				5094861814FC95A0007B42FF /* DSFilterTileNormal.png */,
				5094861914FC95A0007B42FF /* DSFilterTileNormal@2x.png */,
				5094861A14FC95A0007B42FF /* DSFilterTileRise.png */,
				5094861B14FC95A1007B42FF /* DSFilterTileRise@2x.png */,
				5094861C14FC95A1007B42FF /* DSFilterTileSierra.png */,
				5094861D14FC95A1007B42FF /* DSFilterTileSierra@2x.png */,
				5094861E14FC95A1007B42FF /* DSFilterTileSutro.png */,
				5094861F14FC95A1007B42FF /* DSFilterTileSutro@2x.png */,
				5094862014FC95A1007B42FF /* DSFilterTileToaster.png */,
				5094862114FC95A1007B42FF /* DSFilterTileToaster@2x.png */,
				5094862214FC95A1007B42FF /* DSFilterTileValencia.png */,
				5094862314FC95A1007B42FF /* DSFilterTileValencia@2x.png */,
				5094862414FC95A1007B42FF /* DSFilterTileWalden.png */,
				5094862514FC95A1007B42FF /* DSFilterTileWalden@2x.png */,
				5094862614FC95A1007B42FF /* DSFilterTileXpro2.png */,
				5094862714FC95A1007B42FF /* DSFilterTileXpro2@2x.png */,
				5094860014FC8B47007B42FF /* glCameraHideFilters.png */,
				5094860114FC8B47007B42FF /* glCameraHideFilters@2x.png */,
				509485FC14FC8B37007B42FF /* glCameraShowFilters.png */,
				509485FD14FC8B37007B42FF /* glCameraShowFilters@2x.png */,
				509485F814FC8A74007B42FF /* glCameraCaptureBar.png */,
				509485F914FC8A74007B42FF /* glCameraCaptureBar@2x.png */,
				509485F414FC8648007B42FF /* glCameraIconCancel.png */,
				509485F514FC8648007B42FF /* glCameraIconCancel@2x.png */,
				509485F014FC84E7007B42FF /* glCameraToolbar.png */,
				509485F114FC84E7007B42FF /* glCameraToolbar@2x.png */,
				509485E814FC80A3007B42FF /* glCameraBackground.png */,
				509485E914FC80A3007B42FF /* glCameraBackground@2x.png */,
			);
			name = "Resources for FiltersViewController";
			sourceTree = "<group>";
		};
/* End PBXGroup section */

/* Begin PBXNativeTarget section */
		5009A25C14FC6861005E7073 /* InstaFilters */ = {
			isa = PBXNativeTarget;
			buildConfigurationList = 5009A27514FC6861005E7073 /* Build configuration list for PBXNativeTarget "InstaFilters" */;
			buildPhases = (
				5009A25914FC6861005E7073 /* Sources */,
				5009A25A14FC6861005E7073 /* Frameworks */,
				5009A25B14FC6861005E7073 /* Resources */,
			);
			buildRules = (
			);
			dependencies = (
			);
			name = InstaFilters;
			productName = InstaFilters;
			productReference = 5009A25D14FC6861005E7073 /* InstaFilters.app */;
			productType = "com.apple.product-type.application";
		};
/* End PBXNativeTarget section */

/* Begin PBXProject section */
		5009A25414FC6861005E7073 /* Project object */ = {
			isa = PBXProject;
			attributes = {
				CLASSPREFIX = IF;
				LastUpgradeCheck = 0430;
				ORGANIZATIONNAME = "twitter:@diwup";
			};
			buildConfigurationList = 5009A25714FC6861005E7073 /* Build configuration list for PBXProject "InstaFilters" */;
			compatibilityVersion = "Xcode 3.2";
			developmentRegion = English;
			hasScannedForEncodings = 0;
			knownRegions = (
				en,
			);
			mainGroup = 5009A25214FC6861005E7073;
			productRefGroup = 5009A25E14FC6861005E7073 /* Products */;
			projectDirPath = "";
			projectRoot = "";
			targets = (
				5009A25C14FC6861005E7073 /* InstaFilters */,
			);
		};
/* End PBXProject section */

/* Begin PBXResourcesBuildPhase section */
		5009A25B14FC6861005E7073 /* Resources */ = {
			isa = PBXResourcesBuildPhase;
			buildActionMask = 2147483647;
			files = (
				5009A26C14FC6861005E7073 /* InfoPlist.strings in Resources */,
				509485EA14FC80A3007B42FF /* glCameraBackground.png in Resources */,
				509485EB14FC80A3007B42FF /* glCameraBackground@2x.png in Resources */,
				509485F214FC84E7007B42FF /* glCameraToolbar.png in Resources */,
				509485F314FC84E7007B42FF /* glCameraToolbar@2x.png in Resources */,
				509485F614FC8648007B42FF /* glCameraIconCancel.png in Resources */,
				509485F714FC8648007B42FF /* glCameraIconCancel@2x.png in Resources */,
				509485FA14FC8A74007B42FF /* glCameraCaptureBar.png in Resources */,
				509485FB14FC8A74007B42FF /* glCameraCaptureBar@2x.png in Resources */,
				509485FE14FC8B37007B42FF /* glCameraShowFilters.png in Resources */,
				509485FF14FC8B37007B42FF /* glCameraShowFilters@2x.png in Resources */,
				5094860214FC8B47007B42FF /* glCameraHideFilters.png in Resources */,
				5094860314FC8B47007B42FF /* glCameraHideFilters@2x.png in Resources */,
				5094862814FC95A1007B42FF /* DSFilterTile1977.png in Resources */,
				5094862914FC95A1007B42FF /* DSFilterTile1977@2x.png in Resources */,
				5094862A14FC95A1007B42FF /* DSFilterTileAmaro.png in Resources */,
				5094862B14FC95A1007B42FF /* DSFilterTileAmaro@2x.png in Resources */,
				5094862C14FC95A1007B42FF /* DSFilterTileBrannan.png in Resources */,
				5094862D14FC95A1007B42FF /* DSFilterTileBrannan@2x.png in Resources */,
				5094862E14FC95A1007B42FF /* DSFilterTileEarlybird.png in Resources */,
				5094862F14FC95A1007B42FF /* DSFilterTileEarlybird@2x.png in Resources */,
				5094863014FC95A1007B42FF /* DSFilterTileHefe.png in Resources */,
				5094863114FC95A1007B42FF /* DSFilterTileHefe@2x.png in Resources */,
				5094863214FC95A1007B42FF /* DSFilterTileHudson.png in Resources */,
				5094863314FC95A1007B42FF /* DSFilterTileHudson@2x.png in Resources */,
				5094863414FC95A1007B42FF /* DSFilterTileInkwell.png in Resources */,
				5094863514FC95A1007B42FF /* DSFilterTileInkwell@2x.png in Resources */,
				5094863614FC95A1007B42FF /* DSFilterTileLomoFi.png in Resources */,
				5094863714FC95A1007B42FF /* DSFilterTileLomoFi@2x.png in Resources */,
				5094863814FC95A1007B42FF /* DSFilterTileLordKelvin.png in Resources */,
				5094863914FC95A1007B42FF /* DSFilterTileLordKelvin@2x.png in Resources */,
				5094863A14FC95A1007B42FF /* DSFilterTileNashville.png in Resources */,
				5094863B14FC95A1007B42FF /* DSFilterTileNashville@2x.png in Resources */,
				5094863C14FC95A1007B42FF /* DSFilterTileNormal.png in Resources */,
				5094863D14FC95A1007B42FF /* DSFilterTileNormal@2x.png in Resources */,
				5094863E14FC95A1007B42FF /* DSFilterTileRise.png in Resources */,
				5094863F14FC95A1007B42FF /* DSFilterTileRise@2x.png in Resources */,
				5094864014FC95A1007B42FF /* DSFilterTileSierra.png in Resources */,
				5094864114FC95A1007B42FF /* DSFilterTileSierra@2x.png in Resources */,
				5094864214FC95A1007B42FF /* DSFilterTileSutro.png in Resources */,
				5094864314FC95A1007B42FF /* DSFilterTileSutro@2x.png in Resources */,
				5094864414FC95A1007B42FF /* DSFilterTileToaster.png in Resources */,
				5094864514FC95A1007B42FF /* DSFilterTileToaster@2x.png in Resources */,
				5094864614FC95A1007B42FF /* DSFilterTileValencia.png in Resources */,
				5094864714FC95A1007B42FF /* DSFilterTileValencia@2x.png in Resources */,
				5094864814FC95A1007B42FF /* DSFilterTileWalden.png in Resources */,
				5094864914FC95A1007B42FF /* DSFilterTileWalden@2x.png in Resources */,
				5094864A14FC95A1007B42FF /* DSFilterTileXpro2.png in Resources */,
				5094864B14FC95A1007B42FF /* DSFilterTileXpro2@2x.png in Resources */,
			);
			runOnlyForDeploymentPostprocessing = 0;
		};
/* End PBXResourcesBuildPhase section */

/* Begin PBXSourcesBuildPhase section */
		5009A25914FC6861005E7073 /* Sources */ = {
			isa = PBXSourcesBuildPhase;
			buildActionMask = 2147483647;
			files = (
				5009A26E14FC6861005E7073 /* main.m in Sources */,
				5009A27214FC6861005E7073 /* IFAppDelegate.m in Sources */,
				509485B514FC6C95007B42FF /* GLProgram.m in Sources */,
				509485BC14FC6C95007B42FF /* GPUImageFilter.m in Sources */,
				509485C014FC6C95007B42FF /* GPUImageMovie.m in Sources */,
				509485C214FC6C95007B42FF /* GPUImageOpenGLESContext.m in Sources */,
				509485C314FC6C95007B42FF /* GPUImageOutput.m in Sources */,
				509485C514FC6C95007B42FF /* GPUImagePicture.m in Sources */,
				509485C714FC6C95007B42FF /* GPUImageRawData.m in Sources */,
				509485C814FC6C95007B42FF /* GPUImageRotationFilter.m in Sources */,
				509485CF14FC6C95007B42FF /* GPUImageVideoCamera.m in Sources */,
				509485D014FC6C95007B42FF /* GPUImageView.m in Sources */,
				509485DF14FC6FBB007B42FF /* IFAmaroFilter.m in Sources */,
				509485E214FC7132007B42FF /* IFRootViewController.m in Sources */,
				509485E614FC78EE007B42FF /* IFFiltersViewController.m in Sources */,
			);
			runOnlyForDeploymentPostprocessing = 0;
		};
/* End PBXSourcesBuildPhase section */

/* Begin PBXVariantGroup section */
		5009A26A14FC6861005E7073 /* InfoPlist.strings */ = {
			isa = PBXVariantGroup;
			children = (
				5009A26B14FC6861005E7073 /* en */,
			);
			name = InfoPlist.strings;
			sourceTree = "<group>";
		};
/* End PBXVariantGroup section */

/* Begin XCBuildConfiguration section */
		5009A27314FC6861005E7073 /* Debug */ = {
			isa = XCBuildConfiguration;
			buildSettings = {
				ALWAYS_SEARCH_USER_PATHS = NO;
				ARCHS = "$(ARCHS_STANDARD_32_BIT)";
				CLANG_ENABLE_OBJC_ARC = YES;
				"CODE_SIGN_IDENTITY[sdk=iphoneos*]" = "iPhone Developer";
				COPY_PHASE_STRIP = NO;
				GCC_C_LANGUAGE_STANDARD = gnu99;
				GCC_DYNAMIC_NO_PIC = NO;
				GCC_OPTIMIZATION_LEVEL = 0;
				GCC_PREPROCESSOR_DEFINITIONS = (
					"DEBUG=1",
					"$(inherited)",
				);
				GCC_SYMBOLS_PRIVATE_EXTERN = NO;
				GCC_VERSION = com.apple.compilers.llvm.clang.1_0;
				GCC_WARN_ABOUT_RETURN_TYPE = YES;
				GCC_WARN_UNINITIALIZED_AUTOS = YES;
				GCC_WARN_UNUSED_VARIABLE = YES;
				IPHONEOS_DEPLOYMENT_TARGET = 5.0;
				SDKROOT = iphoneos;
			};
			name = Debug;
		};
		5009A27414FC6861005E7073 /* Release */ = {
			isa = XCBuildConfiguration;
			buildSettings = {
				ALWAYS_SEARCH_USER_PATHS = NO;
				ARCHS = "$(ARCHS_STANDARD_32_BIT)";
				CLANG_ENABLE_OBJC_ARC = YES;
				"CODE_SIGN_IDENTITY[sdk=iphoneos*]" = "iPhone Developer";
				COPY_PHASE_STRIP = YES;
				GCC_C_LANGUAGE_STANDARD = gnu99;
				GCC_VERSION = com.apple.compilers.llvm.clang.1_0;
				GCC_WARN_ABOUT_RETURN_TYPE = YES;
				GCC_WARN_UNINITIALIZED_AUTOS = YES;
				GCC_WARN_UNUSED_VARIABLE = YES;
				IPHONEOS_DEPLOYMENT_TARGET = 5.0;
				OTHER_CFLAGS = "-DNS_BLOCK_ASSERTIONS=1";
				SDKROOT = iphoneos;
				VALIDATE_PRODUCT = YES;
			};
			name = Release;
		};
		5009A27614FC6861005E7073 /* Debug */ = {
			isa = XCBuildConfiguration;
			buildSettings = {
				GCC_PRECOMPILE_PREFIX_HEADER = YES;
				GCC_PREFIX_HEADER = "InstaFilters/InstaFilters-Prefix.pch";
				INFOPLIST_FILE = "InstaFilters/InstaFilters-Info.plist";
				PRODUCT_NAME = "$(TARGET_NAME)";
				WRAPPER_EXTENSION = app;
			};
			name = Debug;
		};
		5009A27714FC6861005E7073 /* Release */ = {
			isa = XCBuildConfiguration;
			buildSettings = {
				GCC_PRECOMPILE_PREFIX_HEADER = YES;
				GCC_PREFIX_HEADER = "InstaFilters/InstaFilters-Prefix.pch";
				INFOPLIST_FILE = "InstaFilters/InstaFilters-Info.plist";
				PRODUCT_NAME = "$(TARGET_NAME)";
				WRAPPER_EXTENSION = app;
			};
			name = Release;
		};
/* End XCBuildConfiguration section */

/* Begin XCConfigurationList section */
		5009A25714FC6861005E7073 /* Build configuration list for PBXProject "InstaFilters" */ = {
			isa = XCConfigurationList;
			buildConfigurations = (
				5009A27314FC6861005E7073 /* Debug */,
				5009A27414FC6861005E7073 /* Release */,
			);
			defaultConfigurationIsVisible = 0;
			defaultConfigurationName = Release;
		};
		5009A27514FC6861005E7073 /* Build configuration list for PBXNativeTarget "InstaFilters" */ = {
			isa = XCConfigurationList;
			buildConfigurations = (
				5009A27614FC6861005E7073 /* Debug */,
				5009A27714FC6861005E7073 /* Release */,
			);
			defaultConfigurationIsVisible = 0;
			defaultConfigurationName = Release;
		};
/* End XCConfigurationList section */
	};
	rootObject = 5009A25414FC6861005E7073 /* Project object */;
}
